
Microsoft Visual Studio Solution File, Format Version 12.00
# Visual Studio Version 17
VisualStudioVersion = 17.14.36301.6 d17.14
MinimumVisualStudioVersion = 10.0.40219.1
Project("{FAE04EC0-301F-11D3-BF4B-00C04F79EFBC}") = "UserControlForm.Web", "UserControlForm\UserControlForm.Web\UserControlForm.Web.csproj", "{910FE1F0-5480-41BA-A736-2EEC1A820C88}"
EndProject
Global
	GlobalSection(SolutionConfigurationPlatforms) = preSolution
		Debug|Any CPU = Debug|Any CPU
		Release|Any CPU = Release|Any CPU
	EndGlobalSection
	GlobalSection(ProjectConfigurationPlatforms) = postSolution
		{910FE1F0-5480-41BA-A736-2EEC1A820C88}.Debug|Any CPU.ActiveCfg = Debug|Any CPU
		{910FE1F0-5480-41BA-A736-2EEC1A820C88}.Debug|Any CPU.Build.0 = Debug|Any CPU
		{910FE1F0-5480-41BA-A736-2EEC1A820C88}.Release|Any CPU.ActiveCfg = Release|Any CPU
		{910FE1F0-5480-41BA-A736-2EEC1A820C88}.Release|Any CPU.Build.0 = Release|Any CPU
	EndGlobalSection
	GlobalSection(SolutionProperties) = preSolution
		HideSolutionNode = FALSE
	EndGlobalSection
	GlobalSection(ExtensibilityGlobals) = postSolution
		SolutionGuid = {BCAA2177-A3C2-4B55-98F1-D08ECC869965}
	EndGlobalSection
EndGlobal
